{
  "nodes": {
    "cargo-build-bpf": {
      "inputs": {
        "nixpkgs": "nixpkgs"
      },
      "locked": {
        "lastModified": 1,
        "narHash": "sha256-x/00nte4n5qANdVEvFuR6woaeTfr63IBMo91ODPwTvg=",
        "path": "./cargo-build-bpf",
        "type": "path"
      },
      "original": {
        "path": "./cargo-build-bpf",
        "type": "path"
      }
    },
    "nixpkgs": {
      "locked": {
        "lastModified": 1657114324,
        "narHash": "sha256-fWuaUNXrHcz/ciHRHlcSO92dvV3EVS0GJQUSBO5JIB4=",
        "owner": "NixOS",
        "repo": "nixpkgs",
        "rev": "a5c867d9fe9e4380452628e8f171c26b69fa9d3d",
        "type": "github"
      },
      "original": {
        "owner": "NixOS",
        "ref": "nixos-unstable",
        "repo": "nixpkgs",
        "type": "github"
      }
    },
    "nixpkgs_2": {
      "locked": {
        "lastModified": 1657114324,
        "narHash": "sha256-fWuaUNXrHcz/ciHRHlcSO92dvV3EVS0GJQUSBO5JIB4=",
        "owner": "NixOS",
        "repo": "nixpkgs",
        "rev": "a5c867d9fe9e4380452628e8f171c26b69fa9d3d",
        "type": "github"
      },
      "original": {
        "owner": "NixOS",
        "ref": "nixos-unstable",
        "repo": "nixpkgs",
        "type": "github"
      }
    },
    "nixpkgs_3": {
      "locked": {
        "lastModified": 1657114324,
        "narHash": "sha256-fWuaUNXrHcz/ciHRHlcSO92dvV3EVS0GJQUSBO5JIB4=",
        "owner": "NixOS",
        "repo": "nixpkgs",
        "rev": "a5c867d9fe9e4380452628e8f171c26b69fa9d3d",
        "type": "github"
      },
      "original": {
        "owner": "NixOS",
        "ref": "nixos-unstable",
        "repo": "nixpkgs",
        "type": "github"
      }
    },
    "nixpkgs_4": {
      "locked": {
        "lastModified": 1656934082,
        "narHash": "sha256-Xl5uJidLtIAAt62837o3acKJtiwPwkLyWHcTf2OCmKE=",
        "owner": "NixOS",
        "repo": "nixpkgs",
        "rev": "ac8fadc7f35009bf0fd81e9306c92a4238b0fe4c",
        "type": "github"
      },
      "original": {
        "owner": "NixOS",
        "ref": "nixos-unstable",
        "repo": "nixpkgs",
        "type": "github"
      }
    },
    "root": {
      "inputs": {
        "cargo-build-bpf": "cargo-build-bpf",
        "nixpkgs": "nixpkgs_2",
        "solana-bpf-tools": "solana-bpf-tools",
        "solana-cli": "solana-cli"
      }
    },
    "solana-bpf-tools": {
      "inputs": {
        "nixpkgs": "nixpkgs_3"
      },
      "locked": {
        "lastModified": 1,
        "narHash": "sha256-I0Oe7zaYm6HKphzk9LYXF7yTqlbB84H+ho56R5hK8BQ=",
        "path": "./solana-bpf-tools",
        "type": "path"
      },
      "original": {
        "path": "./solana-bpf-tools",
        "type": "path"
      }
    },
    "solana-cli": {
      "inputs": {
        "nixpkgs": "nixpkgs_4"
      },
      "locked": {
        "lastModified": 1,
        "narHash": "sha256-aNu9tapxV6F7n2NvNcTr+HAfOygbdeKj99Qy8Zjch+A=",
        "path": "./solana-cli",
        "type": "path"
      },
      "original": {
        "path": "./solana-cli",
        "type": "path"
      }
    }
  },
  "root": "root",
  "version": 7
}
