{
  "nodes": {
    "nixpkgs": {
      "locked": {
        "lastModified": 1656934082,
        "narHash": "sha256-Xl5uJidLtIAAt62837o3acKJtiwPwkLyWHcTf2OCmKE=",
        "owner": "NixOS",
        "repo": "nixpkgs",
        "rev": "ac8fadc7f35009bf0fd81e9306c92a4238b0fe4c",
        "type": "github"
      },
      "original": {
        "owner": "NixOS",
        "ref": "nixos-unstable",
        "repo": "nixpkgs",
        "type": "github"
      }
    },
    "root": {
      "inputs": {
        "nixpkgs": "nixpkgs"
      }
    }
  },
  "root": "root",
  "version": 7
}
