{
  "nodes": {
    "nixpkgs": {
      "locked": {
        "lastModified": 1651558728,
        "narHash": "sha256-8HzyRnWlgZluUrVFNOfZAOlA1fghpOSezXvxhalGMUo=",
        "owner": "NixOS",
        "repo": "nixpkgs",
        "rev": "cbe587c735b734405f56803e267820ee1559e6c1",
        "type": "github"
      },
      "original": {
        "owner": "NixOS",
        "ref": "nixos-unstable",
        "repo": "nixpkgs",
        "type": "github"
      }
    },
    "root": {
      "inputs": {
        "nixpkgs": "nixpkgs",
        "solana": "solana"
      }
    },
    "solana": {
      "flake": false,
      "locked": {
        "lastModified": 1651657250,
        "narHash": "sha256-eanhdS3FOmZugoeDAElyk5nVUlRijQrr29tkv5Poe2E=",
        "owner": "solana-labs",
        "repo": "solana",
        "rev": "b2ecfa6252fb1b2d5253150f34dee463d917ec1f",
        "type": "github"
      },
      "original": {
        "owner": "solana-labs",
        "repo": "solana",
        "rev": "b2ecfa6252fb1b2d5253150f34dee463d917ec1f",
        "type": "github"
      }
    }
  },
  "root": "root",
  "version": 7
}
