{
  "nodes": {
    "nixpkgs": {
      "locked": {
        "lastModified": 1657114324,
        "narHash": "sha256-fWuaUNXrHcz/ciHRHlcSO92dvV3EVS0GJQUSBO5JIB4=",
        "owner": "NixOS",
        "repo": "nixpkgs",
        "rev": "a5c867d9fe9e4380452628e8f171c26b69fa9d3d",
        "type": "github"
      },
      "original": {
        "owner": "NixOS",
        "ref": "nixos-unstable",
        "repo": "nixpkgs",
        "type": "github"
      }
    },
    "root": {
      "inputs": {
        "nixpkgs": "nixpkgs"
      }
    }
  },
  "root": "root",
  "version": 7
}
